// !$*UTF8*$!
{
	archiveVersion = 1;
	classes = {
	};
	objectVersion = 56;
	objects = {

/* Begin PBXBuildFile section */
		3DF40273173A4FB7779EB5BE /* Pods_ToDoListTests.framework in Frameworks */ = {isa = PBXBuildFile; fileRef = D18B8844AC3208A0152AEB82 /* Pods_ToDoListTests.framework */; };
		771B341E2C4020B200B758AC /* URLSession+Async.swift in Sources */ = {isa = PBXBuildFile; fileRef = 771B341D2C4020B100B758AC /* URLSession+Async.swift */; };
		77AB44442C206A9E00121F24 /* ToDoListApp.swift in Sources */ = {isa = PBXBuildFile; fileRef = 77AB44432C206A9E00121F24 /* ToDoListApp.swift */; };
		77AB44462C206A9E00121F24 /* ContentView.swift in Sources */ = {isa = PBXBuildFile; fileRef = 77AB44452C206A9E00121F24 /* ContentView.swift */; };
		77AB44482C206AA000121F24 /* Assets.xcassets in Resources */ = {isa = PBXBuildFile; fileRef = 77AB44472C206AA000121F24 /* Assets.xcassets */; };
		77AB444B2C206AA000121F24 /* Preview Assets.xcassets in Resources */ = {isa = PBXBuildFile; fileRef = 77AB444A2C206AA000121F24 /* Preview Assets.xcassets */; };
		77AB44552C206AA100121F24 /* ToDoListTests.swift in Sources */ = {isa = PBXBuildFile; fileRef = 77AB44542C206AA100121F24 /* ToDoListTests.swift */; };
		77AB445F2C206AA100121F24 /* ToDoListUITests.swift in Sources */ = {isa = PBXBuildFile; fileRef = 77AB445E2C206AA100121F24 /* ToDoListUITests.swift */; };
		77AB44612C206AA100121F24 /* ToDoListUITestsLaunchTests.swift in Sources */ = {isa = PBXBuildFile; fileRef = 77AB44602C206AA100121F24 /* ToDoListUITestsLaunchTests.swift */; };
		77AB44A42C23317C00121F24 /* TodoListUnitTest.swift in Sources */ = {isa = PBXBuildFile; fileRef = 77AB44A32C23317B00121F24 /* TodoListUnitTest.swift */; };
		77AB44A62C29827900121F24 /* TodoItem.swift in Sources */ = {isa = PBXBuildFile; fileRef = 77AB44A52C29827900121F24 /* TodoItem.swift */; };
		77AB44A82C2982B000121F24 /* FileCache.swift in Sources */ = {isa = PBXBuildFile; fileRef = 77AB44A72C2982B000121F24 /* FileCache.swift */; };
		77AB44F72C2F26E200121F24 /* FiltersView.swift in Sources */ = {isa = PBXBuildFile; fileRef = 77AB44F62C2F26E200121F24 /* FiltersView.swift */; };
		77AB44F92C2F270F00121F24 /* TaskSheet.swift in Sources */ = {isa = PBXBuildFile; fileRef = 77AB44F82C2F270F00121F24 /* TaskSheet.swift */; };
		77AB44FB2C2F272900121F24 /* TaskListView.swift in Sources */ = {isa = PBXBuildFile; fileRef = 77AB44FA2C2F272900121F24 /* TaskListView.swift */; };
		77AB44FD2C2F274700121F24 /* AddTaskButton.swift in Sources */ = {isa = PBXBuildFile; fileRef = 77AB44FC2C2F274600121F24 /* AddTaskButton.swift */; };
		77D01D462C330562004339EC /* UIViewControllerRepresentable.swift in Sources */ = {isa = PBXBuildFile; fileRef = 77D01D452C330562004339EC /* UIViewControllerRepresentable.swift */; };
		77D01D482C3309AA004339EC /* ToDoListViewController.swift in Sources */ = {isa = PBXBuildFile; fileRef = 77D01D472C3309AA004339EC /* ToDoListViewController.swift */; };
		77D01D4C2C382AA1004339EC /* Extension Color.swift in Sources */ = {isa = PBXBuildFile; fileRef = 77D01D4B2C382AA1004339EC /* Extension Color.swift */; };
		77D01D502C3BF91C004339EC /* CocoaLumberjack in Frameworks */ = {isa = PBXBuildFile; productRef = 77D01D4F2C3BF91C004339EC /* CocoaLumberjack */; };
		77D01D522C3BF91C004339EC /* CocoaLumberjackSwift in Frameworks */ = {isa = PBXBuildFile; productRef = 77D01D512C3BF91C004339EC /* CocoaLumberjackSwift */; };
		77D01D542C3BF91C004339EC /* CocoaLumberjackSwiftLogBackend in Frameworks */ = {isa = PBXBuildFile; productRef = 77D01D532C3BF91C004339EC /* CocoaLumberjackSwiftLogBackend */; };
		99CE56E9B1C84A89722CAC23 /* Pods_ToDoList_ToDoListUITests.framework in Frameworks */ = {isa = PBXBuildFile; fileRef = 5D591CEE111785A65723D237 /* Pods_ToDoList_ToDoListUITests.framework */; };
		9B5586E255C905CFB380B032 /* Pods_ToDoList.framework in Frameworks */ = {isa = PBXBuildFile; fileRef = 81448E1E0EF46288AAA5F242 /* Pods_ToDoList.framework */; };
/* End PBXBuildFile section */

/* Begin PBXContainerItemProxy section */
		77AB44512C206AA100121F24 /* PBXContainerItemProxy */ = {
			isa = PBXContainerItemProxy;
			containerPortal = 77AB44382C206A9E00121F24 /* Project object */;
			proxyType = 1;
			remoteGlobalIDString = 77AB443F2C206A9E00121F24;
			remoteInfo = ToDoList;
		};
		77AB445B2C206AA100121F24 /* PBXContainerItemProxy */ = {
			isa = PBXContainerItemProxy;
			containerPortal = 77AB44382C206A9E00121F24 /* Project object */;
			proxyType = 1;
			remoteGlobalIDString = 77AB443F2C206A9E00121F24;
			remoteInfo = ToDoList;
		};
/* End PBXContainerItemProxy section */

/* Begin PBXFileReference section */
		0AB584DB8C5B5D5439CB74F9 /* Pods-ToDoListTests.debug.xcconfig */ = {isa = PBXFileReference; includeInIndex = 1; lastKnownFileType = text.xcconfig; name = "Pods-ToDoListTests.debug.xcconfig"; path = "Target Support Files/Pods-ToDoListTests/Pods-ToDoListTests.debug.xcconfig"; sourceTree = "<group>"; };
		1568E81D4EA51A78DCFD16D8 /* Pods-ToDoList.debug.xcconfig */ = {isa = PBXFileReference; includeInIndex = 1; lastKnownFileType = text.xcconfig; name = "Pods-ToDoList.debug.xcconfig"; path = "Target Support Files/Pods-ToDoList/Pods-ToDoList.debug.xcconfig"; sourceTree = "<group>"; };
		5D591CEE111785A65723D237 /* Pods_ToDoList_ToDoListUITests.framework */ = {isa = PBXFileReference; explicitFileType = wrapper.framework; includeInIndex = 0; path = Pods_ToDoList_ToDoListUITests.framework; sourceTree = BUILT_PRODUCTS_DIR; };
		771B341D2C4020B100B758AC /* URLSession+Async.swift */ = {isa = PBXFileReference; lastKnownFileType = sourcecode.swift; path = "URLSession+Async.swift"; sourceTree = "<group>"; };
		77AB44402C206A9E00121F24 /* ToDoList.app */ = {isa = PBXFileReference; explicitFileType = wrapper.application; includeInIndex = 0; path = ToDoList.app; sourceTree = BUILT_PRODUCTS_DIR; };
		77AB44432C206A9E00121F24 /* ToDoListApp.swift */ = {isa = PBXFileReference; lastKnownFileType = sourcecode.swift; path = ToDoListApp.swift; sourceTree = "<group>"; };
		77AB44452C206A9E00121F24 /* ContentView.swift */ = {isa = PBXFileReference; lastKnownFileType = sourcecode.swift; path = ContentView.swift; sourceTree = "<group>"; };
		77AB44472C206AA000121F24 /* Assets.xcassets */ = {isa = PBXFileReference; lastKnownFileType = folder.assetcatalog; path = Assets.xcassets; sourceTree = "<group>"; };
		77AB444A2C206AA000121F24 /* Preview Assets.xcassets */ = {isa = PBXFileReference; lastKnownFileType = folder.assetcatalog; path = "Preview Assets.xcassets"; sourceTree = "<group>"; };
		77AB44502C206AA100121F24 /* ToDoListTests.xctest */ = {isa = PBXFileReference; explicitFileType = wrapper.cfbundle; includeInIndex = 0; path = ToDoListTests.xctest; sourceTree = BUILT_PRODUCTS_DIR; };
		77AB44542C206AA100121F24 /* ToDoListTests.swift */ = {isa = PBXFileReference; lastKnownFileType = sourcecode.swift; path = ToDoListTests.swift; sourceTree = "<group>"; };
		77AB445A2C206AA100121F24 /* ToDoListUITests.xctest */ = {isa = PBXFileReference; explicitFileType = wrapper.cfbundle; includeInIndex = 0; path = ToDoListUITests.xctest; sourceTree = BUILT_PRODUCTS_DIR; };
		77AB445E2C206AA100121F24 /* ToDoListUITests.swift */ = {isa = PBXFileReference; lastKnownFileType = sourcecode.swift; path = ToDoListUITests.swift; sourceTree = "<group>"; };
		77AB44602C206AA100121F24 /* ToDoListUITestsLaunchTests.swift */ = {isa = PBXFileReference; lastKnownFileType = sourcecode.swift; path = ToDoListUITestsLaunchTests.swift; sourceTree = "<group>"; };
		77AB44A32C23317B00121F24 /* TodoListUnitTest.swift */ = {isa = PBXFileReference; lastKnownFileType = sourcecode.swift; path = TodoListUnitTest.swift; sourceTree = "<group>"; };
		77AB44A52C29827900121F24 /* TodoItem.swift */ = {isa = PBXFileReference; lastKnownFileType = sourcecode.swift; path = TodoItem.swift; sourceTree = "<group>"; };
		77AB44A72C2982B000121F24 /* FileCache.swift */ = {isa = PBXFileReference; lastKnownFileType = sourcecode.swift; path = FileCache.swift; sourceTree = "<group>"; };
		77AB44F62C2F26E200121F24 /* FiltersView.swift */ = {isa = PBXFileReference; lastKnownFileType = sourcecode.swift; path = FiltersView.swift; sourceTree = "<group>"; };
		77AB44F82C2F270F00121F24 /* TaskSheet.swift */ = {isa = PBXFileReference; lastKnownFileType = sourcecode.swift; path = TaskSheet.swift; sourceTree = "<group>"; };
		77AB44FA2C2F272900121F24 /* TaskListView.swift */ = {isa = PBXFileReference; lastKnownFileType = sourcecode.swift; path = TaskListView.swift; sourceTree = "<group>"; };
		77AB44FC2C2F274600121F24 /* AddTaskButton.swift */ = {isa = PBXFileReference; lastKnownFileType = sourcecode.swift; path = AddTaskButton.swift; sourceTree = "<group>"; };
		77D01D452C330562004339EC /* UIViewControllerRepresentable.swift */ = {isa = PBXFileReference; lastKnownFileType = sourcecode.swift; path = UIViewControllerRepresentable.swift; sourceTree = "<group>"; };
		77D01D472C3309AA004339EC /* ToDoListViewController.swift */ = {isa = PBXFileReference; lastKnownFileType = sourcecode.swift; path = ToDoListViewController.swift; sourceTree = "<group>"; };
		77D01D4B2C382AA1004339EC /* Extension Color.swift */ = {isa = PBXFileReference; lastKnownFileType = sourcecode.swift; path = "Extension Color.swift"; sourceTree = "<group>"; };
		81448E1E0EF46288AAA5F242 /* Pods_ToDoList.framework */ = {isa = PBXFileReference; explicitFileType = wrapper.framework; includeInIndex = 0; path = Pods_ToDoList.framework; sourceTree = BUILT_PRODUCTS_DIR; };
		84761BF54ED7F89CF03882AC /* Pods-ToDoListTests.release.xcconfig */ = {isa = PBXFileReference; includeInIndex = 1; lastKnownFileType = text.xcconfig; name = "Pods-ToDoListTests.release.xcconfig"; path = "Target Support Files/Pods-ToDoListTests/Pods-ToDoListTests.release.xcconfig"; sourceTree = "<group>"; };
		969ED601AF6EBC4046468A1B /* Pods-ToDoList-ToDoListUITests.debug.xcconfig */ = {isa = PBXFileReference; includeInIndex = 1; lastKnownFileType = text.xcconfig; name = "Pods-ToDoList-ToDoListUITests.debug.xcconfig"; path = "Target Support Files/Pods-ToDoList-ToDoListUITests/Pods-ToDoList-ToDoListUITests.debug.xcconfig"; sourceTree = "<group>"; };
		D18B8844AC3208A0152AEB82 /* Pods_ToDoListTests.framework */ = {isa = PBXFileReference; explicitFileType = wrapper.framework; includeInIndex = 0; path = Pods_ToDoListTests.framework; sourceTree = BUILT_PRODUCTS_DIR; };
		E2D6C5DDED9095EF9B09D5B2 /* Pods-ToDoList-ToDoListUITests.release.xcconfig */ = {isa = PBXFileReference; includeInIndex = 1; lastKnownFileType = text.xcconfig; name = "Pods-ToDoList-ToDoListUITests.release.xcconfig"; path = "Target Support Files/Pods-ToDoList-ToDoListUITests/Pods-ToDoList-ToDoListUITests.release.xcconfig"; sourceTree = "<group>"; };
		FC0D4552AD8CBD5F96D08EEA /* Pods-ToDoList.release.xcconfig */ = {isa = PBXFileReference; includeInIndex = 1; lastKnownFileType = text.xcconfig; name = "Pods-ToDoList.release.xcconfig"; path = "Target Support Files/Pods-ToDoList/Pods-ToDoList.release.xcconfig"; sourceTree = "<group>"; };
/* End PBXFileReference section */

/* Begin PBXFrameworksBuildPhase section */
		77AB443D2C206A9E00121F24 /* Frameworks */ = {
			isa = PBXFrameworksBuildPhase;
			buildActionMask = 2147483647;
			files = (
				77D01D522C3BF91C004339EC /* CocoaLumberjackSwift in Frameworks */,
				77D01D542C3BF91C004339EC /* CocoaLumberjackSwiftLogBackend in Frameworks */,
				77D01D502C3BF91C004339EC /* CocoaLumberjack in Frameworks */,
				9B5586E255C905CFB380B032 /* Pods_ToDoList.framework in Frameworks */,
			);
			runOnlyForDeploymentPostprocessing = 0;
		};
		77AB444D2C206AA100121F24 /* Frameworks */ = {
			isa = PBXFrameworksBuildPhase;
			buildActionMask = 2147483647;
			files = (
				3DF40273173A4FB7779EB5BE /* Pods_ToDoListTests.framework in Frameworks */,
			);
			runOnlyForDeploymentPostprocessing = 0;
		};
		77AB44572C206AA100121F24 /* Frameworks */ = {
			isa = PBXFrameworksBuildPhase;
			buildActionMask = 2147483647;
			files = (
				99CE56E9B1C84A89722CAC23 /* Pods_ToDoList_ToDoListUITests.framework in Frameworks */,
			);
			runOnlyForDeploymentPostprocessing = 0;
		};
/* End PBXFrameworksBuildPhase section */

/* Begin PBXGroup section */
		77AB44372C206A9E00121F24 = {
			isa = PBXGroup;
			children = (
				77AB44422C206A9E00121F24 /* ToDoList */,
				77AB44532C206AA100121F24 /* ToDoListTests */,
				77AB445D2C206AA100121F24 /* ToDoListUITests */,
				77AB44412C206A9E00121F24 /* Products */,
				8E5AA18D65682DAFF7AB438A /* Pods */,
				C1CFB4CBE3BCAE40D93F59E2 /* Frameworks */,
			);
			sourceTree = "<group>";
		};
		77AB44412C206A9E00121F24 /* Products */ = {
			isa = PBXGroup;
			children = (
				77AB44402C206A9E00121F24 /* ToDoList.app */,
				77AB44502C206AA100121F24 /* ToDoListTests.xctest */,
				77AB445A2C206AA100121F24 /* ToDoListUITests.xctest */,
			);
			name = Products;
			sourceTree = "<group>";
		};
		77AB44422C206A9E00121F24 /* ToDoList */ = {
			isa = PBXGroup;
			children = (
				77AB44432C206A9E00121F24 /* ToDoListApp.swift */,
				77AB44452C206A9E00121F24 /* ContentView.swift */,
				771B341D2C4020B100B758AC /* URLSession+Async.swift */,
				77D01D452C330562004339EC /* UIViewControllerRepresentable.swift */,
				77D01D472C3309AA004339EC /* ToDoListViewController.swift */,
				77AB44A72C2982B000121F24 /* FileCache.swift */,
				77AB44A52C29827900121F24 /* TodoItem.swift */,
				77AB44F62C2F26E200121F24 /* FiltersView.swift */,
				77AB44F82C2F270F00121F24 /* TaskSheet.swift */,
				77D01D4B2C382AA1004339EC /* Extension Color.swift */,
				77AB44FA2C2F272900121F24 /* TaskListView.swift */,
				77AB44FC2C2F274600121F24 /* AddTaskButton.swift */,
				77AB44472C206AA000121F24 /* Assets.xcassets */,
				77AB44492C206AA000121F24 /* Preview Content */,
			);
			path = ToDoList;
			sourceTree = "<group>";
		};
		77AB44492C206AA000121F24 /* Preview Content */ = {
			isa = PBXGroup;
			children = (
				77AB444A2C206AA000121F24 /* Preview Assets.xcassets */,
			);
			path = "Preview Content";
			sourceTree = "<group>";
		};
		77AB44532C206AA100121F24 /* ToDoListTests */ = {
			isa = PBXGroup;
			children = (
				77AB44542C206AA100121F24 /* ToDoListTests.swift */,
				77AB44A32C23317B00121F24 /* TodoListUnitTest.swift */,
			);
			path = ToDoListTests;
			sourceTree = "<group>";
		};
		77AB445D2C206AA100121F24 /* ToDoListUITests */ = {
			isa = PBXGroup;
			children = (
				77AB445E2C206AA100121F24 /* ToDoListUITests.swift */,
				77AB44602C206AA100121F24 /* ToDoListUITestsLaunchTests.swift */,
			);
			path = ToDoListUITests;
			sourceTree = "<group>";
		};
		8E5AA18D65682DAFF7AB438A /* Pods */ = {
			isa = PBXGroup;
			children = (
				1568E81D4EA51A78DCFD16D8 /* Pods-ToDoList.debug.xcconfig */,
				FC0D4552AD8CBD5F96D08EEA /* Pods-ToDoList.release.xcconfig */,
				969ED601AF6EBC4046468A1B /* Pods-ToDoList-ToDoListUITests.debug.xcconfig */,
				E2D6C5DDED9095EF9B09D5B2 /* Pods-ToDoList-ToDoListUITests.release.xcconfig */,
				0AB584DB8C5B5D5439CB74F9 /* Pods-ToDoListTests.debug.xcconfig */,
				84761BF54ED7F89CF03882AC /* Pods-ToDoListTests.release.xcconfig */,
			);
			path = Pods;
			sourceTree = "<group>";
		};
		C1CFB4CBE3BCAE40D93F59E2 /* Frameworks */ = {
			isa = PBXGroup;
			children = (
				81448E1E0EF46288AAA5F242 /* Pods_ToDoList.framework */,
				5D591CEE111785A65723D237 /* Pods_ToDoList_ToDoListUITests.framework */,
				D18B8844AC3208A0152AEB82 /* Pods_ToDoListTests.framework */,
			);
			name = Frameworks;
			sourceTree = "<group>";
		};
/* End PBXGroup section */

/* Begin PBXNativeTarget section */
		77AB443F2C206A9E00121F24 /* ToDoList */ = {
			isa = PBXNativeTarget;
			buildConfigurationList = 77AB44642C206AA100121F24 /* Build configuration list for PBXNativeTarget "ToDoList" */;
			buildPhases = (
				DB59E5A64A9DEC80B3A24032 /* [CP] Check Pods Manifest.lock */,
				771B341C2C3FCCE900B758AC /* ShellScript */,
				77AB443C2C206A9E00121F24 /* Sources */,
				771B341B2C3FCC1900B758AC /* ShellScript */,
				77AB443D2C206A9E00121F24 /* Frameworks */,
				77AB443E2C206A9E00121F24 /* Resources */,
			);
			buildRules = (
			);
			dependencies = (
			);
			name = ToDoList;
			packageProductDependencies = (
				77D01D4F2C3BF91C004339EC /* CocoaLumberjack */,
				77D01D512C3BF91C004339EC /* CocoaLumberjackSwift */,
				77D01D532C3BF91C004339EC /* CocoaLumberjackSwiftLogBackend */,
			);
			productName = ToDoList;
			productReference = 77AB44402C206A9E00121F24 /* ToDoList.app */;
			productType = "com.apple.product-type.application";
		};
		77AB444F2C206AA100121F24 /* ToDoListTests */ = {
			isa = PBXNativeTarget;
			buildConfigurationList = 77AB44672C206AA100121F24 /* Build configuration list for PBXNativeTarget "ToDoListTests" */;
			buildPhases = (
				A523030F26484EB79910ABD3 /* [CP] Check Pods Manifest.lock */,
				77AB444C2C206AA100121F24 /* Sources */,
				77AB444D2C206AA100121F24 /* Frameworks */,
				77AB444E2C206AA100121F24 /* Resources */,
			);
			buildRules = (
			);
			dependencies = (
				77AB44522C206AA100121F24 /* PBXTargetDependency */,
			);
			name = ToDoListTests;
			productName = ToDoListTests;
			productReference = 77AB44502C206AA100121F24 /* ToDoListTests.xctest */;
			productType = "com.apple.product-type.bundle.unit-test";
		};
		77AB44592C206AA100121F24 /* ToDoListUITests */ = {
			isa = PBXNativeTarget;
			buildConfigurationList = 77AB446A2C206AA100121F24 /* Build configuration list for PBXNativeTarget "ToDoListUITests" */;
			buildPhases = (
				31646D6552F52F718041F900 /* [CP] Check Pods Manifest.lock */,
				77AB44562C206AA100121F24 /* Sources */,
				77AB44572C206AA100121F24 /* Frameworks */,
				77AB44582C206AA100121F24 /* Resources */,
			);
			buildRules = (
			);
			dependencies = (
				77AB445C2C206AA100121F24 /* PBXTargetDependency */,
			);
			name = ToDoListUITests;
			productName = ToDoListUITests;
			productReference = 77AB445A2C206AA100121F24 /* ToDoListUITests.xctest */;
			productType = "com.apple.product-type.bundle.ui-testing";
		};
/* End PBXNativeTarget section */

/* Begin PBXProject section */
		77AB44382C206A9E00121F24 /* Project object */ = {
			isa = PBXProject;
			attributes = {
				BuildIndependentTargetsInParallel = 1;
				LastSwiftUpdateCheck = 1540;
				LastUpgradeCheck = 1540;
				TargetAttributes = {
					77AB443F2C206A9E00121F24 = {
						CreatedOnToolsVersion = 15.4;
					};
					77AB444F2C206AA100121F24 = {
						CreatedOnToolsVersion = 15.4;
						TestTargetID = 77AB443F2C206A9E00121F24;
					};
					77AB44592C206AA100121F24 = {
						CreatedOnToolsVersion = 15.4;
						TestTargetID = 77AB443F2C206A9E00121F24;
					};
				};
			};
			buildConfigurationList = 77AB443B2C206A9E00121F24 /* Build configuration list for PBXProject "ToDoList" */;
			compatibilityVersion = "Xcode 14.0";
			developmentRegion = en;
			hasScannedForEncodings = 0;
			knownRegions = (
				en,
				Base,
			);
			mainGroup = 77AB44372C206A9E00121F24;
			packageReferences = (
				77D01D4D2C3BED3C004339EC /* XCRemoteSwiftPackageReference "CocoaLumberjack" */,
				77D01D4E2C3BF12C004339EC /* XCRemoteSwiftPackageReference "SwiftLint" */,
			);
			productRefGroup = 77AB44412C206A9E00121F24 /* Products */;
			projectDirPath = "";
			projectRoot = "";
			targets = (
				77AB443F2C206A9E00121F24 /* ToDoList */,
				77AB444F2C206AA100121F24 /* ToDoListTests */,
				77AB44592C206AA100121F24 /* ToDoListUITests */,
			);
		};
/* End PBXProject section */

/* Begin PBXResourcesBuildPhase section */
		77AB443E2C206A9E00121F24 /* Resources */ = {
			isa = PBXResourcesBuildPhase;
			buildActionMask = 2147483647;
			files = (
				77AB444B2C206AA000121F24 /* Preview Assets.xcassets in Resources */,
				77AB44482C206AA000121F24 /* Assets.xcassets in Resources */,
			);
			runOnlyForDeploymentPostprocessing = 0;
		};
		77AB444E2C206AA100121F24 /* Resources */ = {
			isa = PBXResourcesBuildPhase;
			buildActionMask = 2147483647;
			files = (
			);
			runOnlyForDeploymentPostprocessing = 0;
		};
		77AB44582C206AA100121F24 /* Resources */ = {
			isa = PBXResourcesBuildPhase;
			buildActionMask = 2147483647;
			files = (
			);
			runOnlyForDeploymentPostprocessing = 0;
		};
/* End PBXResourcesBuildPhase section */

/* Begin PBXShellScriptBuildPhase section */
		31646D6552F52F718041F900 /* [CP] Check Pods Manifest.lock */ = {
			isa = PBXShellScriptBuildPhase;
			buildActionMask = 2147483647;
			files = (
			);
			inputFileListPaths = (
			);
			inputPaths = (
				"${PODS_PODFILE_DIR_PATH}/Podfile.lock",
				"${PODS_ROOT}/Manifest.lock",
			);
			name = "[CP] Check Pods Manifest.lock";
			outputFileListPaths = (
			);
			outputPaths = (
				"$(DERIVED_FILE_DIR)/Pods-ToDoList-ToDoListUITests-checkManifestLockResult.txt",
			);
			runOnlyForDeploymentPostprocessing = 0;
			shellPath = /bin/sh;
			shellScript = "diff \"${PODS_PODFILE_DIR_PATH}/Podfile.lock\" \"${PODS_ROOT}/Manifest.lock\" > /dev/null\nif [ $? != 0 ] ; then\n    # print error to STDERR\n    echo \"error: The sandbox is not in sync with the Podfile.lock. Run 'pod install' or update your CocoaPods installation.\" >&2\n    exit 1\nfi\n# This output is used by Xcode 'outputs' to avoid re-running this script phase.\necho \"SUCCESS\" > \"${SCRIPT_OUTPUT_FILE_0}\"\n";
			showEnvVarsInLog = 0;
		};
		771B341B2C3FCC1900B758AC /* ShellScript */ = {
			isa = PBXShellScriptBuildPhase;
			buildActionMask = 2147483647;
			files = (
			);
			inputFileListPaths = (
			);
			inputPaths = (
			);
			outputFileListPaths = (
			);
			outputPaths = (
			);
			runOnlyForDeploymentPostprocessing = 0;
			shellPath = /bin/sh;
			shellScript = "# Type a script or drag a script file from your workspace to insert its path.\nif command -v swiftlint >/dev/null 2>&1\nthen\n    swiftlint\nelse\n    echo \"warning: `swiftlint` command not found - See https://github.com/realm/SwiftLint#installation for installation instructions.\"\nfi\n";
		};
		771B341C2C3FCCE900B758AC /* ShellScript */ = {
			isa = PBXShellScriptBuildPhase;
			buildActionMask = 2147483647;
			files = (
			);
			inputFileListPaths = (
			);
			inputPaths = (
			);
			outputFileListPaths = (
			);
			outputPaths = (
			);
			runOnlyForDeploymentPostprocessing = 0;
			shellPath = /bin/sh;
			shellScript = "# Type a script or drag a script file from your workspace to insert its path.\n${PODS_ROOT}/SwiftLint/swiftlint\n";
		};
		A523030F26484EB79910ABD3 /* [CP] Check Pods Manifest.lock */ = {
			isa = PBXShellScriptBuildPhase;
			buildActionMask = 2147483647;
			files = (
			);
			inputFileListPaths = (
			);
			inputPaths = (
				"${PODS_PODFILE_DIR_PATH}/Podfile.lock",
				"${PODS_ROOT}/Manifest.lock",
			);
			name = "[CP] Check Pods Manifest.lock";
			outputFileListPaths = (
			);
			outputPaths = (
				"$(DERIVED_FILE_DIR)/Pods-ToDoListTests-checkManifestLockResult.txt",
			);
			runOnlyForDeploymentPostprocessing = 0;
			shellPath = /bin/sh;
			shellScript = "diff \"${PODS_PODFILE_DIR_PATH}/Podfile.lock\" \"${PODS_ROOT}/Manifest.lock\" > /dev/null\nif [ $? != 0 ] ; then\n    # print error to STDERR\n    echo \"error: The sandbox is not in sync with the Podfile.lock. Run 'pod install' or update your CocoaPods installation.\" >&2\n    exit 1\nfi\n# This output is used by Xcode 'outputs' to avoid re-running this script phase.\necho \"SUCCESS\" > \"${SCRIPT_OUTPUT_FILE_0}\"\n";
			showEnvVarsInLog = 0;
		};
		DB59E5A64A9DEC80B3A24032 /* [CP] Check Pods Manifest.lock */ = {
			isa = PBXShellScriptBuildPhase;
			buildActionMask = 2147483647;
			files = (
			);
			inputFileListPaths = (
			);
			inputPaths = (
				"${PODS_PODFILE_DIR_PATH}/Podfile.lock",
				"${PODS_ROOT}/Manifest.lock",
			);
			name = "[CP] Check Pods Manifest.lock";
			outputFileListPaths = (
			);
			outputPaths = (
				"$(DERIVED_FILE_DIR)/Pods-ToDoList-checkManifestLockResult.txt",
			);
			runOnlyForDeploymentPostprocessing = 0;
			shellPath = /bin/sh;
			shellScript = "diff \"${PODS_PODFILE_DIR_PATH}/Podfile.lock\" \"${PODS_ROOT}/Manifest.lock\" > /dev/null\nif [ $? != 0 ] ; then\n    # print error to STDERR\n    echo \"error: The sandbox is not in sync with the Podfile.lock. Run 'pod install' or update your CocoaPods installation.\" >&2\n    exit 1\nfi\n# This output is used by Xcode 'outputs' to avoid re-running this script phase.\necho \"SUCCESS\" > \"${SCRIPT_OUTPUT_FILE_0}\"\n";
			showEnvVarsInLog = 0;
		};
/* End PBXShellScriptBuildPhase section */

/* Begin PBXSourcesBuildPhase section */
		77AB443C2C206A9E00121F24 /* Sources */ = {
			isa = PBXSourcesBuildPhase;
			buildActionMask = 2147483647;
			files = (
				77AB44FB2C2F272900121F24 /* TaskListView.swift in Sources */,
				771B341E2C4020B200B758AC /* URLSession+Async.swift in Sources */,
				77AB44F92C2F270F00121F24 /* TaskSheet.swift in Sources */,
				77D01D462C330562004339EC /* UIViewControllerRepresentable.swift in Sources */,
				77D01D4C2C382AA1004339EC /* Extension Color.swift in Sources */,
				77AB44462C206A9E00121F24 /* ContentView.swift in Sources */,
				77AB44A62C29827900121F24 /* TodoItem.swift in Sources */,
				77AB44A82C2982B000121F24 /* FileCache.swift in Sources */,
				77AB44442C206A9E00121F24 /* ToDoListApp.swift in Sources */,
				77AB44FD2C2F274700121F24 /* AddTaskButton.swift in Sources */,
				77D01D482C3309AA004339EC /* ToDoListViewController.swift in Sources */,
				77AB44F72C2F26E200121F24 /* FiltersView.swift in Sources */,
			);
			runOnlyForDeploymentPostprocessing = 0;
		};
		77AB444C2C206AA100121F24 /* Sources */ = {
			isa = PBXSourcesBuildPhase;
			buildActionMask = 2147483647;
			files = (
				77AB44552C206AA100121F24 /* ToDoListTests.swift in Sources */,
				77AB44A42C23317C00121F24 /* TodoListUnitTest.swift in Sources */,
			);
			runOnlyForDeploymentPostprocessing = 0;
		};
		77AB44562C206AA100121F24 /* Sources */ = {
			isa = PBXSourcesBuildPhase;
			buildActionMask = 2147483647;
			files = (
				77AB44612C206AA100121F24 /* ToDoListUITestsLaunchTests.swift in Sources */,
				77AB445F2C206AA100121F24 /* ToDoListUITests.swift in Sources */,
			);
			runOnlyForDeploymentPostprocessing = 0;
		};
/* End PBXSourcesBuildPhase section */

/* Begin PBXTargetDependency section */
		77AB44522C206AA100121F24 /* PBXTargetDependency */ = {
			isa = PBXTargetDependency;
			target = 77AB443F2C206A9E00121F24 /* ToDoList */;
			targetProxy = 77AB44512C206AA100121F24 /* PBXContainerItemProxy */;
		};
		77AB445C2C206AA100121F24 /* PBXTargetDependency */ = {
			isa = PBXTargetDependency;
			target = 77AB443F2C206A9E00121F24 /* ToDoList */;
			targetProxy = 77AB445B2C206AA100121F24 /* PBXContainerItemProxy */;
		};
/* End PBXTargetDependency section */

/* Begin XCBuildConfiguration section */
		77AB44622C206AA100121F24 /* Debug */ = {
			isa = XCBuildConfiguration;
			buildSettings = {
				ALWAYS_SEARCH_USER_PATHS = NO;
				ASSETCATALOG_COMPILER_GENERATE_SWIFT_ASSET_SYMBOL_EXTENSIONS = YES;
				CLANG_ANALYZER_NONNULL = YES;
				CLANG_ANALYZER_NUMBER_OBJECT_CONVERSION = YES_AGGRESSIVE;
				CLANG_CXX_LANGUAGE_STANDARD = "gnu++20";
				CLANG_ENABLE_MODULES = YES;
				CLANG_ENABLE_OBJC_ARC = YES;
				CLANG_ENABLE_OBJC_WEAK = YES;
				CLANG_WARN_BLOCK_CAPTURE_AUTORELEASING = YES;
				CLANG_WARN_BOOL_CONVERSION = YES;
				CLANG_WARN_COMMA = YES;
				CLANG_WARN_CONSTANT_CONVERSION = YES;
				CLANG_WARN_DEPRECATED_OBJC_IMPLEMENTATIONS = YES;
				CLANG_WARN_DIRECT_OBJC_ISA_USAGE = YES_ERROR;
				CLANG_WARN_DOCUMENTATION_COMMENTS = YES;
				CLANG_WARN_EMPTY_BODY = YES;
				CLANG_WARN_ENUM_CONVERSION = YES;
				CLANG_WARN_INFINITE_RECURSION = YES;
				CLANG_WARN_INT_CONVERSION = YES;
				CLANG_WARN_NON_LITERAL_NULL_CONVERSION = YES;
				CLANG_WARN_OBJC_IMPLICIT_RETAIN_SELF = YES;
				CLANG_WARN_OBJC_LITERAL_CONVERSION = YES;
				CLANG_WARN_OBJC_ROOT_CLASS = YES_ERROR;
				CLANG_WARN_QUOTED_INCLUDE_IN_FRAMEWORK_HEADER = YES;
				CLANG_WARN_RANGE_LOOP_ANALYSIS = YES;
				CLANG_WARN_STRICT_PROTOTYPES = YES;
				CLANG_WARN_SUSPICIOUS_MOVE = YES;
				CLANG_WARN_UNGUARDED_AVAILABILITY = YES_AGGRESSIVE;
				CLANG_WARN_UNREACHABLE_CODE = YES;
				CLANG_WARN__DUPLICATE_METHOD_MATCH = YES;
				COPY_PHASE_STRIP = NO;
				DEBUG_INFORMATION_FORMAT = dwarf;
				ENABLE_STRICT_OBJC_MSGSEND = YES;
				ENABLE_TESTABILITY = YES;
				ENABLE_USER_SCRIPT_SANDBOXING = YES;
				GCC_C_LANGUAGE_STANDARD = gnu17;
				GCC_DYNAMIC_NO_PIC = NO;
				GCC_NO_COMMON_BLOCKS = YES;
				GCC_OPTIMIZATION_LEVEL = 0;
				GCC_PREPROCESSOR_DEFINITIONS = (
					"DEBUG=1",
					"$(inherited)",
				);
				GCC_WARN_64_TO_32_BIT_CONVERSION = YES;
				GCC_WARN_ABOUT_RETURN_TYPE = YES_ERROR;
				GCC_WARN_UNDECLARED_SELECTOR = YES;
				GCC_WARN_UNINITIALIZED_AUTOS = YES_AGGRESSIVE;
				GCC_WARN_UNUSED_FUNCTION = YES;
				GCC_WARN_UNUSED_VARIABLE = YES;
				IPHONEOS_DEPLOYMENT_TARGET = 17.5;
				LOCALIZATION_PREFERS_STRING_CATALOGS = YES;
				MTL_ENABLE_DEBUG_INFO = INCLUDE_SOURCE;
				MTL_FAST_MATH = YES;
				ONLY_ACTIVE_ARCH = YES;
				SDKROOT = iphoneos;
				SWIFT_ACTIVE_COMPILATION_CONDITIONS = "DEBUG $(inherited)";
				SWIFT_OPTIMIZATION_LEVEL = "-Onone";
			};
			name = Debug;
		};
		77AB44632C206AA100121F24 /* Release */ = {
			isa = XCBuildConfiguration;
			buildSettings = {
				ALWAYS_SEARCH_USER_PATHS = NO;
				ASSETCATALOG_COMPILER_GENERATE_SWIFT_ASSET_SYMBOL_EXTENSIONS = YES;
				CLANG_ANALYZER_NONNULL = YES;
				CLANG_ANALYZER_NUMBER_OBJECT_CONVERSION = YES_AGGRESSIVE;
				CLANG_CXX_LANGUAGE_STANDARD = "gnu++20";
				CLANG_ENABLE_MODULES = YES;
				CLANG_ENABLE_OBJC_ARC = YES;
				CLANG_ENABLE_OBJC_WEAK = YES;
				CLANG_WARN_BLOCK_CAPTURE_AUTORELEASING = YES;
				CLANG_WARN_BOOL_CONVERSION = YES;
				CLANG_WARN_COMMA = YES;
				CLANG_WARN_CONSTANT_CONVERSION = YES;
				CLANG_WARN_DEPRECATED_OBJC_IMPLEMENTATIONS = YES;
				CLANG_WARN_DIRECT_OBJC_ISA_USAGE = YES_ERROR;
				CLANG_WARN_DOCUMENTATION_COMMENTS = YES;
				CLANG_WARN_EMPTY_BODY = YES;
				CLANG_WARN_ENUM_CONVERSION = YES;
				CLANG_WARN_INFINITE_RECURSION = YES;
				CLANG_WARN_INT_CONVERSION = YES;
				CLANG_WARN_NON_LITERAL_NULL_CONVERSION = YES;
				CLANG_WARN_OBJC_IMPLICIT_RETAIN_SELF = YES;
				CLANG_WARN_OBJC_LITERAL_CONVERSION = YES;
				CLANG_WARN_OBJC_ROOT_CLASS = YES_ERROR;
				CLANG_WARN_QUOTED_INCLUDE_IN_FRAMEWORK_HEADER = YES;
				CLANG_WARN_RANGE_LOOP_ANALYSIS = YES;
				CLANG_WARN_STRICT_PROTOTYPES = YES;
				CLANG_WARN_SUSPICIOUS_MOVE = YES;
				CLANG_WARN_UNGUARDED_AVAILABILITY = YES_AGGRESSIVE;
				CLANG_WARN_UNREACHABLE_CODE = YES;
				CLANG_WARN__DUPLICATE_METHOD_MATCH = YES;
				COPY_PHASE_STRIP = NO;
				DEBUG_INFORMATION_FORMAT = "dwarf-with-dsym";
				ENABLE_NS_ASSERTIONS = NO;
				ENABLE_STRICT_OBJC_MSGSEND = YES;
				ENABLE_USER_SCRIPT_SANDBOXING = YES;
				GCC_C_LANGUAGE_STANDARD = gnu17;
				GCC_NO_COMMON_BLOCKS = YES;
				GCC_WARN_64_TO_32_BIT_CONVERSION = YES;
				GCC_WARN_ABOUT_RETURN_TYPE = YES_ERROR;
				GCC_WARN_UNDECLARED_SELECTOR = YES;
				GCC_WARN_UNINITIALIZED_AUTOS = YES_AGGRESSIVE;
				GCC_WARN_UNUSED_FUNCTION = YES;
				GCC_WARN_UNUSED_VARIABLE = YES;
				IPHONEOS_DEPLOYMENT_TARGET = 17.5;
				LOCALIZATION_PREFERS_STRING_CATALOGS = YES;
				MTL_ENABLE_DEBUG_INFO = NO;
				MTL_FAST_MATH = YES;
				SDKROOT = iphoneos;
				SWIFT_COMPILATION_MODE = wholemodule;
				VALIDATE_PRODUCT = YES;
			};
			name = Release;
		};
		77AB44652C206AA100121F24 /* Debug */ = {
			isa = XCBuildConfiguration;
			baseConfigurationReference = 1568E81D4EA51A78DCFD16D8 /* Pods-ToDoList.debug.xcconfig */;
			buildSettings = {
				ASSETCATALOG_COMPILER_APPICON_NAME = AppIcon;
				ASSETCATALOG_COMPILER_GLOBAL_ACCENT_COLOR_NAME = AccentColor;
				CODE_SIGN_STYLE = Automatic;
				CURRENT_PROJECT_VERSION = 1;
				DEVELOPMENT_ASSET_PATHS = "\"ToDoList/Preview Content\"";
				DEVELOPMENT_TEAM = BG2W39KZP8;
				ENABLE_PREVIEWS = YES;
				ENABLE_USER_SCRIPT_SANDBOXING = NO;
				GENERATE_INFOPLIST_FILE = YES;
				INFOPLIST_KEY_UIApplicationSceneManifest_Generation = YES;
				INFOPLIST_KEY_UIApplicationSupportsIndirectInputEvents = YES;
				INFOPLIST_KEY_UILaunchScreen_Generation = YES;
				INFOPLIST_KEY_UISupportedInterfaceOrientations_iPad = "UIInterfaceOrientationPortrait UIInterfaceOrientationPortraitUpsideDown UIInterfaceOrientationLandscapeLeft UIInterfaceOrientationLandscapeRight";
				INFOPLIST_KEY_UISupportedInterfaceOrientations_iPhone = "UIInterfaceOrientationPortrait UIInterfaceOrientationLandscapeLeft UIInterfaceOrientationLandscapeRight";
				LD_RUNPATH_SEARCH_PATHS = (
					"$(inherited)",
					"@executable_path/Frameworks",
				);
				MARKETING_VERSION = 1.0;
				PRODUCT_BUNDLE_IDENTIFIER = testProject.ToDoList;
				PRODUCT_NAME = "$(TARGET_NAME)";
				SWIFT_EMIT_LOC_STRINGS = YES;
				SWIFT_STRICT_CONCURRENCY = complete;
				SWIFT_VERSION = 5.0;
				TARGETED_DEVICE_FAMILY = "1,2";
			};
			name = Debug;
		};
		77AB44662C206AA100121F24 /* Release */ = {
			isa = XCBuildConfiguration;
			baseConfigurationReference = FC0D4552AD8CBD5F96D08EEA /* Pods-ToDoList.release.xcconfig */;
			buildSettings = {
				ASSETCATALOG_COMPILER_APPICON_NAME = AppIcon;
				ASSETCATALOG_COMPILER_GLOBAL_ACCENT_COLOR_NAME = AccentColor;
				CODE_SIGN_STYLE = Automatic;
				CURRENT_PROJECT_VERSION = 1;
				DEVELOPMENT_ASSET_PATHS = "\"ToDoList/Preview Content\"";
				DEVELOPMENT_TEAM = BG2W39KZP8;
				ENABLE_PREVIEWS = YES;
				ENABLE_USER_SCRIPT_SANDBOXING = NO;
				GENERATE_INFOPLIST_FILE = YES;
				INFOPLIST_KEY_UIApplicationSceneManifest_Generation = YES;
				INFOPLIST_KEY_UIApplicationSupportsIndirectInputEvents = YES;
				INFOPLIST_KEY_UILaunchScreen_Generation = YES;
				INFOPLIST_KEY_UISupportedInterfaceOrientations_iPad = "UIInterfaceOrientationPortrait UIInterfaceOrientationPortraitUpsideDown UIInterfaceOrientationLandscapeLeft UIInterfaceOrientationLandscapeRight";
				INFOPLIST_KEY_UISupportedInterfaceOrientations_iPhone = "UIInterfaceOrientationPortrait UIInterfaceOrientationLandscapeLeft UIInterfaceOrientationLandscapeRight";
				LD_RUNPATH_SEARCH_PATHS = (
					"$(inherited)",
					"@executable_path/Frameworks",
				);
				MARKETING_VERSION = 1.0;
				PRODUCT_BUNDLE_IDENTIFIER = testProject.ToDoList;
				PRODUCT_NAME = "$(TARGET_NAME)";
				SWIFT_EMIT_LOC_STRINGS = YES;
				SWIFT_STRICT_CONCURRENCY = complete;
				SWIFT_VERSION = 5.0;
				TARGETED_DEVICE_FAMILY = "1,2";
			};
			name = Release;
		};
		77AB44682C206AA100121F24 /* Debug */ = {
			isa = XCBuildConfiguration;
			baseConfigurationReference = 0AB584DB8C5B5D5439CB74F9 /* Pods-ToDoListTests.debug.xcconfig */;
			buildSettings = {
				ALWAYS_EMBED_SWIFT_STANDARD_LIBRARIES = YES;
				BUNDLE_LOADER = "$(TEST_HOST)";
				CODE_SIGN_STYLE = Automatic;
				CURRENT_PROJECT_VERSION = 1;
				DEVELOPMENT_TEAM = BG2W39KZP8;
				GENERATE_INFOPLIST_FILE = YES;
				IPHONEOS_DEPLOYMENT_TARGET = 17.5;
				MARKETING_VERSION = 1.0;
				PRODUCT_BUNDLE_IDENTIFIER = testProject.ToDoListTests;
				PRODUCT_NAME = "$(TARGET_NAME)";
				SWIFT_EMIT_LOC_STRINGS = NO;
				SWIFT_VERSION = 5.0;
				TARGETED_DEVICE_FAMILY = "1,2";
				TEST_HOST = "$(BUILT_PRODUCTS_DIR)/ToDoList.app/$(BUNDLE_EXECUTABLE_FOLDER_PATH)/ToDoList";
			};
			name = Debug;
		};
		77AB44692C206AA100121F24 /* Release */ = {
			isa = XCBuildConfiguration;
			baseConfigurationReference = 84761BF54ED7F89CF03882AC /* Pods-ToDoListTests.release.xcconfig */;
			buildSettings = {
				ALWAYS_EMBED_SWIFT_STANDARD_LIBRARIES = YES;
				BUNDLE_LOADER = "$(TEST_HOST)";
				CODE_SIGN_STYLE = Automatic;
				CURRENT_PROJECT_VERSION = 1;
				DEVELOPMENT_TEAM = BG2W39KZP8;
				GENERATE_INFOPLIST_FILE = YES;
				IPHONEOS_DEPLOYMENT_TARGET = 17.5;
				MARKETING_VERSION = 1.0;
				PRODUCT_BUNDLE_IDENTIFIER = testProject.ToDoListTests;
				PRODUCT_NAME = "$(TARGET_NAME)";
				SWIFT_EMIT_LOC_STRINGS = NO;
				SWIFT_VERSION = 5.0;
				TARGETED_DEVICE_FAMILY = "1,2";
				TEST_HOST = "$(BUILT_PRODUCTS_DIR)/ToDoList.app/$(BUNDLE_EXECUTABLE_FOLDER_PATH)/ToDoList";
			};
			name = Release;
		};
		77AB446B2C206AA100121F24 /* Debug */ = {
			isa = XCBuildConfiguration;
			baseConfigurationReference = 969ED601AF6EBC4046468A1B /* Pods-ToDoList-ToDoListUITests.debug.xcconfig */;
			buildSettings = {
				ALWAYS_EMBED_SWIFT_STANDARD_LIBRARIES = YES;
				CODE_SIGN_STYLE = Automatic;
				CURRENT_PROJECT_VERSION = 1;
				DEVELOPMENT_TEAM = BG2W39KZP8;
				GENERATE_INFOPLIST_FILE = YES;
				MARKETING_VERSION = 1.0;
				PRODUCT_BUNDLE_IDENTIFIER = testProject.ToDoListUITests;
				PRODUCT_NAME = "$(TARGET_NAME)";
				SWIFT_EMIT_LOC_STRINGS = NO;
				SWIFT_VERSION = 5.0;
				TARGETED_DEVICE_FAMILY = "1,2";
				TEST_TARGET_NAME = ToDoList;
			};
			name = Debug;
		};
		77AB446C2C206AA100121F24 /* Release */ = {
			isa = XCBuildConfiguration;
			baseConfigurationReference = E2D6C5DDED9095EF9B09D5B2 /* Pods-ToDoList-ToDoListUITests.release.xcconfig */;
			buildSettings = {
				ALWAYS_EMBED_SWIFT_STANDARD_LIBRARIES = YES;
				CODE_SIGN_STYLE = Automatic;
				CURRENT_PROJECT_VERSION = 1;
				DEVELOPMENT_TEAM = BG2W39KZP8;
				GENERATE_INFOPLIST_FILE = YES;
				MARKETING_VERSION = 1.0;
				PRODUCT_BUNDLE_IDENTIFIER = testProject.ToDoListUITests;
				PRODUCT_NAME = "$(TARGET_NAME)";
				SWIFT_EMIT_LOC_STRINGS = NO;
				SWIFT_VERSION = 5.0;
				TARGETED_DEVICE_FAMILY = "1,2";
				TEST_TARGET_NAME = ToDoList;
			};
			name = Release;
		};
/* End XCBuildConfiguration section */

/* Begin XCConfigurationList section */
		77AB443B2C206A9E00121F24 /* Build configuration list for PBXProject "ToDoList" */ = {
			isa = XCConfigurationList;
			buildConfigurations = (
				77AB44622C206AA100121F24 /* Debug */,
				77AB44632C206AA100121F24 /* Release */,
			);
			defaultConfigurationIsVisible = 0;
			defaultConfigurationName = Release;
		};
		77AB44642C206AA100121F24 /* Build configuration list for PBXNativeTarget "ToDoList" */ = {
			isa = XCConfigurationList;
			buildConfigurations = (
				77AB44652C206AA100121F24 /* Debug */,
				77AB44662C206AA100121F24 /* Release */,
			);
			defaultConfigurationIsVisible = 0;
			defaultConfigurationName = Release;
		};
		77AB44672C206AA100121F24 /* Build configuration list for PBXNativeTarget "ToDoListTests" */ = {
			isa = XCConfigurationList;
			buildConfigurations = (
				77AB44682C206AA100121F24 /* Debug */,
				77AB44692C206AA100121F24 /* Release */,
			);
			defaultConfigurationIsVisible = 0;
			defaultConfigurationName = Release;
		};
		77AB446A2C206AA100121F24 /* Build configuration list for PBXNativeTarget "ToDoListUITests" */ = {
			isa = XCConfigurationList;
			buildConfigurations = (
				77AB446B2C206AA100121F24 /* Debug */,
				77AB446C2C206AA100121F24 /* Release */,
			);
			defaultConfigurationIsVisible = 0;
			defaultConfigurationName = Release;
		};
/* End XCConfigurationList section */

/* Begin XCRemoteSwiftPackageReference section */
		77D01D4D2C3BED3C004339EC /* XCRemoteSwiftPackageReference "CocoaLumberjack" */ = {
			isa = XCRemoteSwiftPackageReference;
			repositoryURL = "https://github.com/CocoaLumberjack/CocoaLumberjack";
			requirement = {
				kind = upToNextMajorVersion;
				minimumVersion = 3.8.5;
			};
		};
		77D01D4E2C3BF12C004339EC /* XCRemoteSwiftPackageReference "SwiftLint" */ = {
			isa = XCRemoteSwiftPackageReference;
			repositoryURL = "https://github.com/realm/SwiftLint";
			requirement = {
				kind = upToNextMajorVersion;
				minimumVersion = 0.55.1;
			};
		};
/* End XCRemoteSwiftPackageReference section */

/* Begin XCSwiftPackageProductDependency section */
		77D01D4F2C3BF91C004339EC /* CocoaLumberjack */ = {
			isa = XCSwiftPackageProductDependency;
			package = 77D01D4D2C3BED3C004339EC /* XCRemoteSwiftPackageReference "CocoaLumberjack" */;
			productName = CocoaLumberjack;
		};
		77D01D512C3BF91C004339EC /* CocoaLumberjackSwift */ = {
			isa = XCSwiftPackageProductDependency;
			package = 77D01D4D2C3BED3C004339EC /* XCRemoteSwiftPackageReference "CocoaLumberjack" */;
			productName = CocoaLumberjackSwift;
		};
		77D01D532C3BF91C004339EC /* CocoaLumberjackSwiftLogBackend */ = {
			isa = XCSwiftPackageProductDependency;
			package = 77D01D4D2C3BED3C004339EC /* XCRemoteSwiftPackageReference "CocoaLumberjack" */;
			productName = CocoaLumberjackSwiftLogBackend;
		};
/* End XCSwiftPackageProductDependency section */
	};
	rootObject = 77AB44382C206A9E00121F24 /* Project object */;
}
